PODS:
  - SDWebImage (3.8.3):
    - SDWebImage/Core (= 3.8.3)
  - SDWebImage/Core (3.8.3)

DEPENDENCIES:
  - SDWebImage (~> 3.7)

SPEC REPOS:
  trunk:
    - SDWebImage

SPEC CHECKSUMS:
  SDWebImage: a72e880a8fe0f7fc31efe15aaed443c074d2a80c

PODFILE CHECKSUM: 9c93005766691fa90b34b80eac310c876092336e

COCOAPODS: 1.11.3
